
Microsoft Visual Studio Solution File, Format Version 12.00
# Visual Studio Version 16
VisualStudioVersion = 16.0.29215.179
MinimumVisualStudioVersion = 10.0.40219.1
Project("{9A19103F-16F7-4668-BE54-9A1E7A4F7556}") = "expense-react-app", "expense-react-app.csproj", "{63E7A871-CC2A-40EF-A209-14D0103F6951}"
EndProject
Global
	GlobalSection(SolutionConfigurationPlatforms) = preSolution
		Debug|Any CPU = Debug|Any CPU
		Release|Any CPU = Release|Any CPU
	EndGlobalSection
	GlobalSection(ProjectConfigurationPlatforms) = postSolution
		{63E7A871-CC2A-40EF-A209-14D0103F6951}.Debug|Any CPU.ActiveCfg = Debug|Any CPU
		{63E7A871-CC2A-40EF-A209-14D0103F6951}.Debug|Any CPU.Build.0 = Debug|Any CPU
		{63E7A871-CC2A-40EF-A209-14D0103F6951}.Release|Any CPU.ActiveCfg = Release|Any CPU
		{63E7A871-CC2A-40EF-A209-14D0103F6951}.Release|Any CPU.Build.0 = Release|Any CPU
	EndGlobalSection
	GlobalSection(SolutionProperties) = preSolution
		HideSolutionNode = FALSE
	EndGlobalSection
	GlobalSection(ExtensibilityGlobals) = postSolution
		SolutionGuid = {74108E51-4338-49FE-8EDC-6ADA85D371F3}
	EndGlobalSection
EndGlobal
